
Microsoft Visual Studio Solution File, Format Version 12.00
# Visual Studio Version 17
VisualStudioVersion = 17.10.34928.147
MinimumVisualStudioVersion = 10.0.40219.1
Project("{9A19103F-16F7-4668-BE54-9A1E7A4F7556}") = "EmployeRazor", "EmployeRazor.csproj", "{BF9DF94D-A640-4385-909E-2172E4073795}"
EndProject
Project("{FAE04EC0-301F-11D3-BF4B-00C04F79EFBC}") = "EmployeeApiClient", "..\EmployeeApiClient\EmployeeApiClient.csproj", "{EDDAB2E2-3DE0-4940-862C-D24B52182A6F}"
EndProject
Global
	GlobalSection(SolutionConfigurationPlatforms) = preSolution
		Debug|Any CPU = Debug|Any CPU
		Release|Any CPU = Release|Any CPU
	EndGlobalSection
	GlobalSection(ProjectConfigurationPlatforms) = postSolution
		{BF9DF94D-A640-4385-909E-2172E4073795}.Debug|Any CPU.ActiveCfg = Debug|Any CPU
		{BF9DF94D-A640-4385-909E-2172E4073795}.Debug|Any CPU.Build.0 = Debug|Any CPU
		{BF9DF94D-A640-4385-909E-2172E4073795}.Release|Any CPU.ActiveCfg = Release|Any CPU
		{BF9DF94D-A640-4385-909E-2172E4073795}.Release|Any CPU.Build.0 = Release|Any CPU
		{EDDAB2E2-3DE0-4940-862C-D24B52182A6F}.Debug|Any CPU.ActiveCfg = Debug|Any CPU
		{EDDAB2E2-3DE0-4940-862C-D24B52182A6F}.Debug|Any CPU.Build.0 = Debug|Any CPU
		{EDDAB2E2-3DE0-4940-862C-D24B52182A6F}.Release|Any CPU.ActiveCfg = Release|Any CPU
		{EDDAB2E2-3DE0-4940-862C-D24B52182A6F}.Release|Any CPU.Build.0 = Release|Any CPU
	EndGlobalSection
	GlobalSection(SolutionProperties) = preSolution
		HideSolutionNode = FALSE
	EndGlobalSection
	GlobalSection(ExtensibilityGlobals) = postSolution
		SolutionGuid = {F6DD1F42-DAA1-4E0B-8B3D-8E869A90630B}
	EndGlobalSection
EndGlobal
